{
  "version": "5",
  "specifiers": {
    "jsr:@std/assert@1": "1.0.13",
    "jsr:@std/internal@^1.0.6": "1.0.7",
    "npm:@aws-sdk/client-sqs@^3.817.0": "3.817.0"
  },
  "jsr": {
    "@std/assert@1.0.13": {
      "integrity": "ae0d31e41919b12c656c742b22522c32fb26ed0cba32975cb0de2a273cb68b29",
      "dependencies": [
        "jsr:@std/internal"
      ]
    },
    "@std/internal@1.0.7": {
      "integrity": "39eeb5265190a7bc5d5591c9ff019490bd1f2c3907c044a11b0d545796158a0f"
    }
  },
  "npm": {
    "@aws-crypto/sha256-browser@5.2.0": {
      "integrity": "sha512-AXfN/lGotSQwu6HNcEsIASo7kWXZ5HYWvfOmSNKDsEqC4OashTp8alTmaz+F7TC2L083SFv5RdB+qU3Vs1kZqw==",
      "dependencies": [
        "@aws-crypto/sha256-js",
        "@aws-crypto/supports-web-crypto",
        "@aws-crypto/util",
        "@aws-sdk/types",
        "@aws-sdk/util-locate-window",
        "@smithy/util-utf8@2.3.0",
        "tslib"
      ]
    },
    "@aws-crypto/sha256-js@5.2.0": {
      "integrity": "sha512-FFQQyu7edu4ufvIZ+OadFpHHOt+eSTBaYaki44c+akjg7qZg9oOQeLlk77F6tSYqjDAFClrHJk9tMf0HdVyOvA==",
      "dependencies": [
        "@aws-crypto/util",
        "@aws-sdk/types",
        "tslib"
      ]
    },
    "@aws-crypto/supports-web-crypto@5.2.0": {
      "integrity": "sha512-iAvUotm021kM33eCdNfwIN//F77/IADDSs58i+MDaOqFrVjZo9bAal0NK7HurRuWLLpF1iLX7gbWrjHjeo+YFg==",
      "dependencies": [
        "tslib"
      ]
    },
    "@aws-crypto/util@5.2.0": {
      "integrity": "sha512-4RkU9EsI6ZpBve5fseQlGNUWKMa1RLPQ1dnjnQoe07ldfIzcsGb5hC5W0Dm7u423KWzawlrpbjXBrXCEv9zazQ==",
      "dependencies": [
        "@aws-sdk/types",
        "@smithy/util-utf8@2.3.0",
        "tslib"
      ]
    },
    "@aws-sdk/client-sqs@3.817.0": {
      "integrity": "sha512-U+Y/Zf2H7UT5cYSl1z8n88TaIUYi3B/cHvrqdxHnSSiZFHzy1vnGMfGKoOffjXVXYXjeutXehIW4hlUF04aq6w==",
      "dependencies": [
        "@aws-crypto/sha256-browser",
        "@aws-crypto/sha256-js",
        "@aws-sdk/core",
        "@aws-sdk/credential-provider-node",
        "@aws-sdk/middleware-host-header",
        "@aws-sdk/middleware-logger",
        "@aws-sdk/middleware-recursion-detection",
        "@aws-sdk/middleware-sdk-sqs",
        "@aws-sdk/middleware-user-agent",
        "@aws-sdk/region-config-resolver",
        "@aws-sdk/types",
        "@aws-sdk/util-endpoints",
        "@aws-sdk/util-user-agent-browser",
        "@aws-sdk/util-user-agent-node",
        "@smithy/config-resolver",
        "@smithy/core",
        "@smithy/fetch-http-handler",
        "@smithy/hash-node",
        "@smithy/invalid-dependency",
        "@smithy/md5-js",
        "@smithy/middleware-content-length",
        "@smithy/middleware-endpoint",
        "@smithy/middleware-retry",
        "@smithy/middleware-serde",
        "@smithy/middleware-stack",
        "@smithy/node-config-provider",
        "@smithy/node-http-handler",
        "@smithy/protocol-http",
        "@smithy/smithy-client",
        "@smithy/types",
        "@smithy/url-parser",
        "@smithy/util-base64",
        "@smithy/util-body-length-browser",
        "@smithy/util-body-length-node",
        "@smithy/util-defaults-mode-browser",
        "@smithy/util-defaults-mode-node",
        "@smithy/util-endpoints",
        "@smithy/util-middleware",
        "@smithy/util-retry",
        "@smithy/util-utf8@4.0.0",
        "tslib"
      ]
    },
    "@aws-sdk/client-sso@3.817.0": {
      "integrity": "sha512-fCh5rUHmWmWDvw70NNoWpE5+BRdtNi45kDnIoeoszqVg7UKF79SlG+qYooUT52HKCgDNHqgbWaXxMOSqd2I/OQ==",
      "dependencies": [
        "@aws-crypto/sha256-browser",
        "@aws-crypto/sha256-js",
        "@aws-sdk/core",
        "@aws-sdk/middleware-host-header",
        "@aws-sdk/middleware-logger",
        "@aws-sdk/middleware-recursion-detection",
        "@aws-sdk/middleware-user-agent",
        "@aws-sdk/region-config-resolver",
        "@aws-sdk/types",
        "@aws-sdk/util-endpoints",
        "@aws-sdk/util-user-agent-browser",
        "@aws-sdk/util-user-agent-node",
        "@smithy/config-resolver",
        "@smithy/core",
        "@smithy/fetch-http-handler",
        "@smithy/hash-node",
        "@smithy/invalid-dependency",
        "@smithy/middleware-content-length",
        "@smithy/middleware-endpoint",
        "@smithy/middleware-retry",
        "@smithy/middleware-serde",
        "@smithy/middleware-stack",
        "@smithy/node-config-provider",
        "@smithy/node-http-handler",
        "@smithy/protocol-http",
        "@smithy/smithy-client",
        "@smithy/types",
        "@smithy/url-parser",
        "@smithy/util-base64",
        "@smithy/util-body-length-browser",
        "@smithy/util-body-length-node",
        "@smithy/util-defaults-mode-browser",
        "@smithy/util-defaults-mode-node",
        "@smithy/util-endpoints",
        "@smithy/util-middleware",
        "@smithy/util-retry",
        "@smithy/util-utf8@4.0.0",
        "tslib"
      ]
    },
    "@aws-sdk/core@3.816.0": {
      "integrity": "sha512-Lx50wjtyarzKpMFV6V+gjbSZDgsA/71iyifbClGUSiNPoIQ4OCV0KVOmAAj7mQRVvGJqUMWKVM+WzK79CjbjWA==",
      "dependencies": [
        "@aws-sdk/types",
        "@smithy/core",
        "@smithy/node-config-provider",
        "@smithy/property-provider",
        "@smithy/protocol-http",
        "@smithy/signature-v4",
        "@smithy/smithy-client",
        "@smithy/types",
        "@smithy/util-middleware",
        "fast-xml-parser",
        "tslib"
      ]
    },
    "@aws-sdk/credential-provider-env@3.816.0": {
      "integrity": "sha512-wUJZwRLe+SxPxRV9AENYBLrJZRrNIo+fva7ZzejsC83iz7hdfq6Rv6B/aHEdPwG/nQC4+q7UUvcRPlomyrpsBA==",
      "dependencies": [
        "@aws-sdk/core",
        "@aws-sdk/types",
        "@smithy/property-provider",
        "@smithy/types",
        "tslib"
      ]
    },
    "@aws-sdk/credential-provider-http@3.816.0": {
      "integrity": "sha512-gcWGzMQ7yRIF+ljTkR8Vzp7727UY6cmeaPrFQrvcFB8PhOqWpf7g0JsgOf5BSaP8CkkSQcTQHc0C5ZYAzUFwPg==",
      "dependencies": [
        "@aws-sdk/core",
        "@aws-sdk/types",
        "@smithy/fetch-http-handler",
        "@smithy/node-http-handler",
        "@smithy/property-provider",
        "@smithy/protocol-http",
        "@smithy/smithy-client",
        "@smithy/types",
        "@smithy/util-stream",
        "tslib"
      ]
    },
    "@aws-sdk/credential-provider-ini@3.817.0": {
      "integrity": "sha512-kyEwbQyuXE+phWVzloMdkFv6qM6NOon+asMXY5W0fhDKwBz9zQLObDRWBrvQX9lmqq8BbDL1sCfZjOh82Y+RFw==",
      "dependencies": [
        "@aws-sdk/core",
        "@aws-sdk/credential-provider-env",
        "@aws-sdk/credential-provider-http",
        "@aws-sdk/credential-provider-process",
        "@aws-sdk/credential-provider-sso",
        "@aws-sdk/credential-provider-web-identity",
        "@aws-sdk/nested-clients",
        "@aws-sdk/types",
        "@smithy/credential-provider-imds",
        "@smithy/property-provider",
        "@smithy/shared-ini-file-loader",
        "@smithy/types",
        "tslib"
      ]
    },
    "@aws-sdk/credential-provider-node@3.817.0": {
      "integrity": "sha512-b5mz7av0Lhavs1Bz3Zb+jrs0Pki93+8XNctnVO0drBW98x1fM4AR38cWvGbM/w9F9Q0/WEH3TinkmrMPrP4T/w==",
      "dependencies": [
        "@aws-sdk/credential-provider-env",
        "@aws-sdk/credential-provider-http",
        "@aws-sdk/credential-provider-ini",
        "@aws-sdk/credential-provider-process",
        "@aws-sdk/credential-provider-sso",
        "@aws-sdk/credential-provider-web-identity",
        "@aws-sdk/types",
        "@smithy/credential-provider-imds",
        "@smithy/property-provider",
        "@smithy/shared-ini-file-loader",
        "@smithy/types",
        "tslib"
      ]
    },
    "@aws-sdk/credential-provider-process@3.816.0": {
      "integrity": "sha512-9Tm+AxMoV2Izvl5b9tyMQRbBwaex8JP06HN7ZeCXgC5sAsSN+o8dsThnEhf8jKN+uBpT6CLWKN1TXuUMrAmW1A==",
      "dependencies": [
        "@aws-sdk/core",
        "@aws-sdk/types",
        "@smithy/property-provider",
        "@smithy/shared-ini-file-loader",
        "@smithy/types",
        "tslib"
      ]
    },
    "@aws-sdk/credential-provider-sso@3.817.0": {
      "integrity": "sha512-gFUAW3VmGvdnueK1bh6TOcRX+j99Xm0men1+gz3cA4RE+rZGNy1Qjj8YHlv0hPwI9OnTPZquvPzA5fkviGREWg==",
      "dependencies": [
        "@aws-sdk/client-sso",
        "@aws-sdk/core",
        "@aws-sdk/token-providers",
        "@aws-sdk/types",
        "@smithy/property-provider",
        "@smithy/shared-ini-file-loader",
        "@smithy/types",
        "tslib"
      ]
    },
    "@aws-sdk/credential-provider-web-identity@3.817.0": {
      "integrity": "sha512-A2kgkS9g6NY0OMT2f2EdXHpL17Ym81NhbGnQ8bRXPqESIi7TFypFD2U6osB2VnsFv+MhwM+Ke4PKXSmLun22/A==",
      "dependencies": [
        "@aws-sdk/core",
        "@aws-sdk/nested-clients",
        "@aws-sdk/types",
        "@smithy/property-provider",
        "@smithy/types",
        "tslib"
      ]
    },
    "@aws-sdk/middleware-host-header@3.804.0": {
      "integrity": "sha512-bum1hLVBrn2lJCi423Z2fMUYtsbkGI2s4N+2RI2WSjvbaVyMSv/WcejIrjkqiiMR+2Y7m5exgoKeg4/TODLDPQ==",
      "dependencies": [
        "@aws-sdk/types",
        "@smithy/protocol-http",
        "@smithy/types",
        "tslib"
      ]
    },
    "@aws-sdk/middleware-logger@3.804.0": {
      "integrity": "sha512-w/qLwL3iq0KOPQNat0Kb7sKndl9BtceigINwBU7SpkYWX9L/Lem6f8NPEKrC9Tl4wDBht3Yztub4oRTy/horJA==",
      "dependencies": [
        "@aws-sdk/types",
        "@smithy/types",
        "tslib"
      ]
    },
    "@aws-sdk/middleware-recursion-detection@3.804.0": {
      "integrity": "sha512-zqHOrvLRdsUdN/ehYfZ9Tf8svhbiLLz5VaWUz22YndFv6m9qaAcijkpAOlKexsv3nLBMJdSdJ6GUTAeIy3BZzw==",
      "dependencies": [
        "@aws-sdk/types",
        "@smithy/protocol-http",
        "@smithy/types",
        "tslib"
      ]
    },
    "@aws-sdk/middleware-sdk-sqs@3.810.0": {
      "integrity": "sha512-MKNX7TYtB3dn1UO+5ewTLJUtDNXLAIKbXokCEfzHuvqPJpsFPbBp7ERY2jn2KjCBMSaP3w1ZCCpFKcfVICsrXQ==",
      "dependencies": [
        "@aws-sdk/types",
        "@smithy/smithy-client",
        "@smithy/types",
        "@smithy/util-hex-encoding",
        "@smithy/util-utf8@4.0.0",
        "tslib"
      ]
    },
    "@aws-sdk/middleware-user-agent@3.816.0": {
      "integrity": "sha512-bHRSlWZ0xDsFR8E2FwDb//0Ff6wMkVx4O+UKsfyNlAbtqCiiHRt5ANNfKPafr95cN2CCxLxiPvFTFVblQM5TsQ==",
      "dependencies": [
        "@aws-sdk/core",
        "@aws-sdk/types",
        "@aws-sdk/util-endpoints",
        "@smithy/core",
        "@smithy/protocol-http",
        "@smithy/types",
        "tslib"
      ]
    },
    "@aws-sdk/nested-clients@3.817.0": {
      "integrity": "sha512-vQ2E06A48STJFssueJQgxYD8lh1iGJoLJnHdshRDWOQb8gy1wVQR+a7MkPGhGR6lGoS0SCnF/Qp6CZhnwLsqsQ==",
      "dependencies": [
        "@aws-crypto/sha256-browser",
        "@aws-crypto/sha256-js",
        "@aws-sdk/core",
        "@aws-sdk/middleware-host-header",
        "@aws-sdk/middleware-logger",
        "@aws-sdk/middleware-recursion-detection",
        "@aws-sdk/middleware-user-agent",
        "@aws-sdk/region-config-resolver",
        "@aws-sdk/types",
        "@aws-sdk/util-endpoints",
        "@aws-sdk/util-user-agent-browser",
        "@aws-sdk/util-user-agent-node",
        "@smithy/config-resolver",
        "@smithy/core",
        "@smithy/fetch-http-handler",
        "@smithy/hash-node",
        "@smithy/invalid-dependency",
        "@smithy/middleware-content-length",
        "@smithy/middleware-endpoint",
        "@smithy/middleware-retry",
        "@smithy/middleware-serde",
        "@smithy/middleware-stack",
        "@smithy/node-config-provider",
        "@smithy/node-http-handler",
        "@smithy/protocol-http",
        "@smithy/smithy-client",
        "@smithy/types",
        "@smithy/url-parser",
        "@smithy/util-base64",
        "@smithy/util-body-length-browser",
        "@smithy/util-body-length-node",
        "@smithy/util-defaults-mode-browser",
        "@smithy/util-defaults-mode-node",
        "@smithy/util-endpoints",
        "@smithy/util-middleware",
        "@smithy/util-retry",
        "@smithy/util-utf8@4.0.0",
        "tslib"
      ]
    },
    "@aws-sdk/region-config-resolver@3.808.0": {
      "integrity": "sha512-9x2QWfphkARZY5OGkl9dJxZlSlYM2l5inFeo2bKntGuwg4A4YUe5h7d5yJ6sZbam9h43eBrkOdumx03DAkQF9A==",
      "dependencies": [
        "@aws-sdk/types",
        "@smithy/node-config-provider",
        "@smithy/types",
        "@smithy/util-config-provider",
        "@smithy/util-middleware",
        "tslib"
      ]
    },
    "@aws-sdk/token-providers@3.817.0": {
      "integrity": "sha512-CYN4/UO0VaqyHf46ogZzNrVX7jI3/CfiuktwKlwtpKA6hjf2+ivfgHSKzPpgPBcSEfiibA/26EeLuMnB6cpSrQ==",
      "dependencies": [
        "@aws-sdk/core",
        "@aws-sdk/nested-clients",
        "@aws-sdk/types",
        "@smithy/property-provider",
        "@smithy/shared-ini-file-loader",
        "@smithy/types",
        "tslib"
      ]
    },
    "@aws-sdk/types@3.804.0": {
      "integrity": "sha512-A9qnsy9zQ8G89vrPPlNG9d1d8QcKRGqJKqwyGgS0dclJpwy6d1EWgQLIolKPl6vcFpLoe6avLOLxr+h8ur5wpg==",
      "dependencies": [
        "@smithy/types",
        "tslib"
      ]
    },
    "@aws-sdk/util-endpoints@3.808.0": {
      "integrity": "sha512-N6Lic98uc4ADB7fLWlzx+1uVnq04VgVjngZvwHoujcRg9YDhIg9dUDiTzD5VZv13g1BrPYmvYP1HhsildpGV6w==",
      "dependencies": [
        "@aws-sdk/types",
        "@smithy/types",
        "@smithy/util-endpoints",
        "tslib"
      ]
    },
    "@aws-sdk/util-locate-window@3.804.0": {
      "integrity": "sha512-zVoRfpmBVPodYlnMjgVjfGoEZagyRF5IPn3Uo6ZvOZp24chnW/FRstH7ESDHDDRga4z3V+ElUQHKpFDXWyBW5A==",
      "dependencies": [
        "tslib"
      ]
    },
    "@aws-sdk/util-user-agent-browser@3.804.0": {
      "integrity": "sha512-KfW6T6nQHHM/vZBBdGn6fMyG/MgX5lq82TDdX4HRQRRuHKLgBWGpKXqqvBwqIaCdXwWHgDrg2VQups6GqOWW2A==",
      "dependencies": [
        "@aws-sdk/types",
        "@smithy/types",
        "bowser",
        "tslib"
      ]
    },
    "@aws-sdk/util-user-agent-node@3.816.0": {
      "integrity": "sha512-Q6dxmuj4hL7pudhrneWEQ7yVHIQRBFr0wqKLF1opwOi1cIePuoEbPyJ2jkel6PDEv1YMfvsAKaRshp6eNA8VHg==",
      "dependencies": [
        "@aws-sdk/middleware-user-agent",
        "@aws-sdk/types",
        "@smithy/node-config-provider",
        "@smithy/types",
        "tslib"
      ]
    },
    "@smithy/abort-controller@4.0.3": {
      "integrity": "sha512-AqXFf6DXnuRBXy4SoK/n1mfgHaKaq36bmkphmD1KO0nHq6xK/g9KHSW4HEsPQUBCGdIEfuJifGHwxFXPIFay9Q==",
      "dependencies": [
        "@smithy/types",
        "tslib"
      ]
    },
    "@smithy/config-resolver@4.1.3": {
      "integrity": "sha512-N5e7ofiyYDmHxnPnqF8L4KtsbSDwyxFRfDK9bp1d9OyPO4ytRLd0/XxCqi5xVaaqB65v4woW8uey6jND6zxzxQ==",
      "dependencies": [
        "@smithy/node-config-provider",
        "@smithy/types",
        "@smithy/util-config-provider",
        "@smithy/util-middleware",
        "tslib"
      ]
    },
    "@smithy/core@3.4.0": {
      "integrity": "sha512-dDYISQo7k0Ml/rXlFIjkTmTcQze/LxhtIRAEmZ6HJ/EI0inVxVEVnrUXJ7jPx6ZP0GHUhFm40iQcCgS5apXIXA==",
      "dependencies": [
        "@smithy/middleware-serde",
        "@smithy/protocol-http",
        "@smithy/types",
        "@smithy/util-body-length-browser",
        "@smithy/util-middleware",
        "@smithy/util-stream",
        "@smithy/util-utf8@4.0.0",
        "tslib"
      ]
    },
    "@smithy/credential-provider-imds@4.0.5": {
      "integrity": "sha512-saEAGwrIlkb9XxX/m5S5hOtzjoJPEK6Qw2f9pYTbIsMPOFyGSXBBTw95WbOyru8A1vIS2jVCCU1Qhz50QWG3IA==",
      "dependencies": [
        "@smithy/node-config-provider",
        "@smithy/property-provider",
        "@smithy/types",
        "@smithy/url-parser",
        "tslib"
      ]
    },
    "@smithy/fetch-http-handler@5.0.3": {
      "integrity": "sha512-yBZwavI31roqTndNI7ONHqesfH01JmjJK6L3uUpZAhyAmr86LN5QiPzfyZGIxQmed8VEK2NRSQT3/JX5V1njfQ==",
      "dependencies": [
        "@smithy/protocol-http",
        "@smithy/querystring-builder",
        "@smithy/types",
        "@smithy/util-base64",
        "tslib"
      ]
    },
    "@smithy/hash-node@4.0.3": {
      "integrity": "sha512-W5Uhy6v/aYrgtjh9y0YP332gIQcwccQ+EcfWhllL0B9rPae42JngTTUpb8W6wuxaNFzqps4xq5klHckSSOy5fw==",
      "dependencies": [
        "@smithy/types",
        "@smithy/util-buffer-from@4.0.0",
        "@smithy/util-utf8@4.0.0",
        "tslib"
      ]
    },
    "@smithy/invalid-dependency@4.0.3": {
      "integrity": "sha512-1Bo8Ur1ZGqxvwTqBmv6DZEn0rXtwJGeqiiO2/JFcCtz3nBakOqeXbJBElXJMMzd0ghe8+eB6Dkw98nMYctgizg==",
      "dependencies": [
        "@smithy/types",
        "tslib"
      ]
    },
    "@smithy/is-array-buffer@2.2.0": {
      "integrity": "sha512-GGP3O9QFD24uGeAXYUjwSTXARoqpZykHadOmA8G5vfJPK0/DC67qa//0qvqrJzL1xc8WQWX7/yc7fwudjPHPhA==",
      "dependencies": [
        "tslib"
      ]
    },
    "@smithy/is-array-buffer@4.0.0": {
      "integrity": "sha512-saYhF8ZZNoJDTvJBEWgeBccCg+yvp1CX+ed12yORU3NilJScfc6gfch2oVb4QgxZrGUx3/ZJlb+c/dJbyupxlw==",
      "dependencies": [
        "tslib"
      ]
    },
    "@smithy/md5-js@4.0.3": {
      "integrity": "sha512-m95Z+1UJFPq4cv/R6TPMLYkoau7cNJYA5GLuuUJjfmF+Zrad4yaupIWeGGzIinf8pD1L+CIAxjh8eowPvyL7Dw==",
      "dependencies": [
        "@smithy/types",
        "@smithy/util-utf8@4.0.0",
        "tslib"
      ]
    },
    "@smithy/middleware-content-length@4.0.3": {
      "integrity": "sha512-NE/Zph4BP5u16bzYq2csq9qD0T6UBLeg4AuNrwNJ7Gv9uLYaGEgelZUOdRndGdMGcUfSGvNlXGb2aA2hPCwJ6g==",
      "dependencies": [
        "@smithy/protocol-http",
        "@smithy/types",
        "tslib"
      ]
    },
    "@smithy/middleware-endpoint@4.1.7": {
      "integrity": "sha512-KDzM7Iajo6K7eIWNNtukykRT4eWwlHjCEsULZUaSfi/SRSBK8BPRqG5FsVfp58lUxcvre8GT8AIPIqndA0ERKw==",
      "dependencies": [
        "@smithy/core",
        "@smithy/middleware-serde",
        "@smithy/node-config-provider",
        "@smithy/shared-ini-file-loader",
        "@smithy/types",
        "@smithy/url-parser",
        "@smithy/util-middleware",
        "tslib"
      ]
    },
    "@smithy/middleware-retry@4.1.8": {
      "integrity": "sha512-e2OtQgFzzlSG0uCjcJmi02QuFSRTrpT11Eh2EcqqDFy7DYriteHZJkkf+4AsxsrGDugAtPFcWBz1aq06sSX5fQ==",
      "dependencies": [
        "@smithy/node-config-provider",
        "@smithy/protocol-http",
        "@smithy/service-error-classification",
        "@smithy/smithy-client",
        "@smithy/types",
        "@smithy/util-middleware",
        "@smithy/util-retry",
        "tslib",
        "uuid"
      ]
    },
    "@smithy/middleware-serde@4.0.6": {
      "integrity": "sha512-YECyl7uNII+jCr/9qEmCu8xYL79cU0fqjo0qxpcVIU18dAPHam/iYwcknAu4Jiyw1uN+sAx7/SMf/Kmef/Jjsg==",
      "dependencies": [
        "@smithy/protocol-http",
        "@smithy/types",
        "tslib"
      ]
    },
    "@smithy/middleware-stack@4.0.3": {
      "integrity": "sha512-baeV7t4jQfQtFxBADFmnhmqBmqR38dNU5cvEgHcMK/Kp3D3bEI0CouoX2Sr/rGuntR+Eg0IjXdxnGGTc6SbIkw==",
      "dependencies": [
        "@smithy/types",
        "tslib"
      ]
    },
    "@smithy/node-config-provider@4.1.2": {
      "integrity": "sha512-SUvNup8iU1v7fmM8XPk+27m36udmGCfSz+VZP5Gb0aJ3Ne0X28K/25gnsrg3X1rWlhcnhzNUUysKW/Ied46ivQ==",
      "dependencies": [
        "@smithy/property-provider",
        "@smithy/shared-ini-file-loader",
        "@smithy/types",
        "tslib"
      ]
    },
    "@smithy/node-http-handler@4.0.5": {
      "integrity": "sha512-T7QglZC1vS7SPT44/1qSIAQEx5bFKb3LfO6zw/o4Xzt1eC5HNoH1TkS4lMYA9cWFbacUhx4hRl/blLun4EOCkg==",
      "dependencies": [
        "@smithy/abort-controller",
        "@smithy/protocol-http",
        "@smithy/querystring-builder",
        "@smithy/types",
        "tslib"
      ]
    },
    "@smithy/property-provider@4.0.3": {
      "integrity": "sha512-Wcn17QNdawJZcZZPBuMuzyBENVi1AXl4TdE0jvzo4vWX2x5df/oMlmr/9M5XAAC6+yae4kWZlOYIsNsgDrMU9A==",
      "dependencies": [
        "@smithy/types",
        "tslib"
      ]
    },
    "@smithy/protocol-http@5.1.1": {
      "integrity": "sha512-Vsay2mzq05DwNi9jK01yCFtfvu9HimmgC7a4HTs7lhX12Sx8aWsH0mfz6q/02yspSp+lOB+Q2HJwi4IV2GKz7A==",
      "dependencies": [
        "@smithy/types",
        "tslib"
      ]
    },
    "@smithy/querystring-builder@4.0.3": {
      "integrity": "sha512-UUzIWMVfPmDZcOutk2/r1vURZqavvQW0OHvgsyNV0cKupChvqg+/NKPRMaMEe+i8tP96IthMFeZOZWpV+E4RAw==",
      "dependencies": [
        "@smithy/types",
        "@smithy/util-uri-escape",
        "tslib"
      ]
    },
    "@smithy/querystring-parser@4.0.3": {
      "integrity": "sha512-K5M4ZJQpFCblOJ5Oyw7diICpFg1qhhR47m2/5Ef1PhGE19RaIZf50tjYFrxa6usqcuXyTiFPGo4d1geZdH4YcQ==",
      "dependencies": [
        "@smithy/types",
        "tslib"
      ]
    },
    "@smithy/service-error-classification@4.0.4": {
      "integrity": "sha512-W5ScbQ1bTzgH91kNEE2CvOzM4gXlDOqdow4m8vMFSIXCel2scbHwjflpVNnC60Y3F1m5i7w2gQg9lSnR+JsJAA==",
      "dependencies": [
        "@smithy/types"
      ]
    },
    "@smithy/shared-ini-file-loader@4.0.3": {
      "integrity": "sha512-vHwlrqhZGIoLwaH8vvIjpHnloShqdJ7SUPNM2EQtEox+yEDFTVQ7E+DLZ+6OhnYEgFUwPByJyz6UZaOu2tny6A==",
      "dependencies": [
        "@smithy/types",
        "tslib"
      ]
    },
    "@smithy/signature-v4@5.1.1": {
      "integrity": "sha512-zy8Repr5zvT0ja+Tf5wjV/Ba6vRrhdiDcp/ww6cvqYbSEudIkziDe3uppNRlFoCViyJXdPnLcwyZdDLA4CHzSg==",
      "dependencies": [
        "@smithy/is-array-buffer@4.0.0",
        "@smithy/protocol-http",
        "@smithy/types",
        "@smithy/util-hex-encoding",
        "@smithy/util-middleware",
        "@smithy/util-uri-escape",
        "@smithy/util-utf8@4.0.0",
        "tslib"
      ]
    },
    "@smithy/smithy-client@4.3.0": {
      "integrity": "sha512-DNsRA38pN6tYHUjebmwD9e4KcgqTLldYQb2gC6K+oxXYdCTxPn6wV9+FvOa6wrU2FQEnGJoi+3GULzOTKck/tg==",
      "dependencies": [
        "@smithy/core",
        "@smithy/middleware-endpoint",
        "@smithy/middleware-stack",
        "@smithy/protocol-http",
        "@smithy/types",
        "@smithy/util-stream",
        "tslib"
      ]
    },
    "@smithy/types@4.3.0": {
      "integrity": "sha512-+1iaIQHthDh9yaLhRzaoQxRk+l9xlk+JjMFxGRhNLz+m9vKOkjNeU8QuB4w3xvzHyVR/BVlp/4AXDHjoRIkfgQ==",
      "dependencies": [
        "tslib"
      ]
    },
    "@smithy/url-parser@4.0.3": {
      "integrity": "sha512-n5/DnosDu/tweOqUUNtUbu7eRIR4J/Wz9nL7V5kFYQQVb8VYdj7a4G5NJHCw6o21ul7CvZoJkOpdTnsQDLT0tQ==",
      "dependencies": [
        "@smithy/querystring-parser",
        "@smithy/types",
        "tslib"
      ]
    },
    "@smithy/util-base64@4.0.0": {
      "integrity": "sha512-CvHfCmO2mchox9kjrtzoHkWHxjHZzaFojLc8quxXY7WAAMAg43nuxwv95tATVgQFNDwd4M9S1qFzj40Ul41Kmg==",
      "dependencies": [
        "@smithy/util-buffer-from@4.0.0",
        "@smithy/util-utf8@4.0.0",
        "tslib"
      ]
    },
    "@smithy/util-body-length-browser@4.0.0": {
      "integrity": "sha512-sNi3DL0/k64/LO3A256M+m3CDdG6V7WKWHdAiBBMUN8S3hK3aMPhwnPik2A/a2ONN+9doY9UxaLfgqsIRg69QA==",
      "dependencies": [
        "tslib"
      ]
    },
    "@smithy/util-body-length-node@4.0.0": {
      "integrity": "sha512-q0iDP3VsZzqJyje8xJWEJCNIu3lktUGVoSy1KB0UWym2CL1siV3artm+u1DFYTLejpsrdGyCSWBdGNjJzfDPjg==",
      "dependencies": [
        "tslib"
      ]
    },
    "@smithy/util-buffer-from@2.2.0": {
      "integrity": "sha512-IJdWBbTcMQ6DA0gdNhh/BwrLkDR+ADW5Kr1aZmd4k3DIF6ezMV4R2NIAmT08wQJ3yUK82thHWmC/TnK/wpMMIA==",
      "dependencies": [
        "@smithy/is-array-buffer@2.2.0",
        "tslib"
      ]
    },
    "@smithy/util-buffer-from@4.0.0": {
      "integrity": "sha512-9TOQ7781sZvddgO8nxueKi3+yGvkY35kotA0Y6BWRajAv8jjmigQ1sBwz0UX47pQMYXJPahSKEKYFgt+rXdcug==",
      "dependencies": [
        "@smithy/is-array-buffer@4.0.0",
        "tslib"
      ]
    },
    "@smithy/util-config-provider@4.0.0": {
      "integrity": "sha512-L1RBVzLyfE8OXH+1hsJ8p+acNUSirQnWQ6/EgpchV88G6zGBTDPdXiiExei6Z1wR2RxYvxY/XLw6AMNCCt8H3w==",
      "dependencies": [
        "tslib"
      ]
    },
    "@smithy/util-defaults-mode-browser@4.0.15": {
      "integrity": "sha512-bJJ/B8owQbHAflatSq92f9OcV8858DJBQF1Y3GRjB8psLyUjbISywszYPFw16beREHO/C3I3taW4VGH+tOuwrQ==",
      "dependencies": [
        "@smithy/property-provider",
        "@smithy/smithy-client",
        "@smithy/types",
        "bowser",
        "tslib"
      ]
    },
    "@smithy/util-defaults-mode-node@4.0.15": {
      "integrity": "sha512-8CUrEW2Ni5q+NmYkj8wsgkfqoP7l4ZquptFbq92yQE66xevc4SxqP2zH6tMtN158kgBqBDsZ+qlrRwXWOjCR8A==",
      "dependencies": [
        "@smithy/config-resolver",
        "@smithy/credential-provider-imds",
        "@smithy/node-config-provider",
        "@smithy/property-provider",
        "@smithy/smithy-client",
        "@smithy/types",
        "tslib"
      ]
    },
    "@smithy/util-endpoints@3.0.5": {
      "integrity": "sha512-PjDpqLk24/vAl340tmtCA++Q01GRRNH9cwL9qh46NspAX9S+IQVcK+GOzPt0GLJ6KYGyn8uOgo2kvJhiThclJw==",
      "dependencies": [
        "@smithy/node-config-provider",
        "@smithy/types",
        "tslib"
      ]
    },
    "@smithy/util-hex-encoding@4.0.0": {
      "integrity": "sha512-Yk5mLhHtfIgW2W2WQZWSg5kuMZCVbvhFmC7rV4IO2QqnZdbEFPmQnCcGMAX2z/8Qj3B9hYYNjZOhWym+RwhePw==",
      "dependencies": [
        "tslib"
      ]
    },
    "@smithy/util-middleware@4.0.3": {
      "integrity": "sha512-iIsC6qZXxkD7V3BzTw3b1uK8RVC1M8WvwNxK1PKrH9FnxntCd30CSunXjL/8iJBE8Z0J14r2P69njwIpRG4FBQ==",
      "dependencies": [
        "@smithy/types",
        "tslib"
      ]
    },
    "@smithy/util-retry@4.0.4": {
      "integrity": "sha512-Aoqr9W2jDYGrI6OxljN8VmLDQIGO4VdMAUKMf9RGqLG8hn6or+K41NEy1Y5dtum9q8F7e0obYAuKl2mt/GnpZg==",
      "dependencies": [
        "@smithy/service-error-classification",
        "@smithy/types",
        "tslib"
      ]
    },
    "@smithy/util-stream@4.2.1": {
      "integrity": "sha512-W3IR0x5DY6iVtjj5p902oNhD+Bz7vs5S+p6tppbPa509rV9BdeXZjGuRSCtVEad9FA0Mba+tNUtUmtnSI1nwUw==",
      "dependencies": [
        "@smithy/fetch-http-handler",
        "@smithy/node-http-handler",
        "@smithy/types",
        "@smithy/util-base64",
        "@smithy/util-buffer-from@4.0.0",
        "@smithy/util-hex-encoding",
        "@smithy/util-utf8@4.0.0",
        "tslib"
      ]
    },
    "@smithy/util-uri-escape@4.0.0": {
      "integrity": "sha512-77yfbCbQMtgtTylO9itEAdpPXSog3ZxMe09AEhm0dU0NLTalV70ghDZFR+Nfi1C60jnJoh/Re4090/DuZh2Omg==",
      "dependencies": [
        "tslib"
      ]
    },
    "@smithy/util-utf8@2.3.0": {
      "integrity": "sha512-R8Rdn8Hy72KKcebgLiv8jQcQkXoLMOGGv5uI1/k0l+snqkOzQ1R0ChUBCxWMlBsFMekWjq0wRudIweFs7sKT5A==",
      "dependencies": [
        "@smithy/util-buffer-from@2.2.0",
        "tslib"
      ]
    },
    "@smithy/util-utf8@4.0.0": {
      "integrity": "sha512-b+zebfKCfRdgNJDknHCob3O7FpeYQN6ZG6YLExMcasDHsCXlsXCEuiPZeLnJLpwa5dvPetGlnGCiMHuLwGvFow==",
      "dependencies": [
        "@smithy/util-buffer-from@4.0.0",
        "tslib"
      ]
    },
    "bowser@2.11.0": {
      "integrity": "sha512-AlcaJBi/pqqJBIQ8U9Mcpc9i8Aqxn88Skv5d+xBX006BY5u8N3mGLHa5Lgppa7L/HfwgwLgZ6NYs+Ag6uUmJRA=="
    },
    "fast-xml-parser@4.4.1": {
      "integrity": "sha512-xkjOecfnKGkSsOwtZ5Pz7Us/T6mrbPQrq0nh+aCO5V9nk5NLWmasAHumTKjiPJPWANe+kAZ84Jc8ooJkzZ88Sw==",
      "dependencies": [
        "strnum"
      ],
      "bin": true
    },
    "strnum@1.1.2": {
      "integrity": "sha512-vrN+B7DBIoTTZjnPNewwhx6cBA/H+IS7rfW68n7XxC1y7uoiGQBxaKzqucGUgavX15dJgiGztLJ8vxuEzwqBdA=="
    },
    "tslib@2.8.1": {
      "integrity": "sha512-oJFu94HQb+KVduSUQL7wnpmqnfmLsOA/nAh6b6EH0wCEoK0/mPeXU6c3wKDV83MkOuHPRHtSXKKU99IBazS/2w=="
    },
    "uuid@9.0.1": {
      "integrity": "sha512-b+1eJOlsR9K8HJpow9Ok3fiWOWSIcIzXodvv0rQjVoOVNpWMpxf1wZNpt4y9h10odCNrqnYp1OBzRktckBe3sA==",
      "bin": true
    }
  },
  "workspace": {
    "dependencies": [
      "jsr:@std/assert@1",
      "npm:@aws-sdk/client-sqs@^3.817.0"
    ]
  }
}
